// !$*UTF8*$!
{
	archiveVersion = 1;
	classes = {
	};
	objectVersion = 46;
	objects = {

/* Begin PBXBuildFile section */
		213125C61F5152500070257A /* AppDelegate.swift in Sources */ = {isa = PBXBuildFile; fileRef = 213125C51F5152500070257A /* AppDelegate.swift */; };
		213125CB1F5152500070257A /* Main.storyboard in Resources */ = {isa = PBXBuildFile; fileRef = 213125C91F5152500070257A /* Main.storyboard */; };
		213125CD1F5152500070257A /* Assets.xcassets in Resources */ = {isa = PBXBuildFile; fileRef = 213125CC1F5152500070257A /* Assets.xcassets */; };
		213125D01F5152500070257A /* LaunchScreen.storyboard in Resources */ = {isa = PBXBuildFile; fileRef = 213125CE1F5152500070257A /* LaunchScreen.storyboard */; };
		213125DB1F5152A80070257A /* Routable.swift in Sources */ = {isa = PBXBuildFile; fileRef = 213125DA1F5152A80070257A /* Routable.swift */; };
		213125DD1F515FEE0070257A /* UIStoryboard+Extensions.swift in Sources */ = {isa = PBXBuildFile; fileRef = 213125DC1F515FEE0070257A /* UIStoryboard+Extensions.swift */; };
		213125DF1F51604B0070257A /* UIViewController+Routable.swift in Sources */ = {isa = PBXBuildFile; fileRef = 213125DE1F51604B0070257A /* UIViewController+Routable.swift */; };
		213125E11F5160D90070257A /* HomeViewController.swift in Sources */ = {isa = PBXBuildFile; fileRef = 213125E01F5160D90070257A /* HomeViewController.swift */; };
		213125E31F5160E50070257A /* ShopViewController.swift in Sources */ = {isa = PBXBuildFile; fileRef = 213125E21F5160E50070257A /* ShopViewController.swift */; };
		213125E51F5160FE0070257A /* CartViewController.swift in Sources */ = {isa = PBXBuildFile; fileRef = 213125E41F5160FE0070257A /* CartViewController.swift */; };
		213125E71F51610D0070257A /* LoginViewController.swift in Sources */ = {isa = PBXBuildFile; fileRef = 213125E61F51610D0070257A /* LoginViewController.swift */; };
		213125E91F5161E30070257A /* Shop.storyboard in Resources */ = {isa = PBXBuildFile; fileRef = 213125E81F5161E30070257A /* Shop.storyboard */; };
		213125F01F5172670070257A /* HomeViewControllerRouter.swift in Sources */ = {isa = PBXBuildFile; fileRef = 213125EF1F5172670070257A /* HomeViewControllerRouter.swift */; };
		213125F21F5173520070257A /* Login.storyboard in Resources */ = {isa = PBXBuildFile; fileRef = 213125F11F5173520070257A /* Login.storyboard */; };
		213125F41F5174430070257A /* LoginViewControllerRouter.swift in Sources */ = {isa = PBXBuildFile; fileRef = 213125F31F5174430070257A /* LoginViewControllerRouter.swift */; };
		213125F61F5175080070257A /* ShopViewControllerRouter.swift in Sources */ = {isa = PBXBuildFile; fileRef = 213125F51F5175080070257A /* ShopViewControllerRouter.swift */; };
		213125F81F51759C0070257A /* CartViewControllerRouter.swift in Sources */ = {isa = PBXBuildFile; fileRef = 213125F71F51759C0070257A /* CartViewControllerRouter.swift */; };
		213125FC1F5181950070257A /* PaymentViewController.swift in Sources */ = {isa = PBXBuildFile; fileRef = 213125FB1F5181950070257A /* PaymentViewController.swift */; };
		213125FE1F5181BA0070257A /* PaymentViewControllerRouter.swift in Sources */ = {isa = PBXBuildFile; fileRef = 213125FD1F5181BA0070257A /* PaymentViewControllerRouter.swift */; };
/* End PBXBuildFile section */

/* Begin PBXFileReference section */
		213125C21F5152500070257A /* petsapp.app */ = {isa = PBXFileReference; explicitFileType = wrapper.application; includeInIndex = 0; path = petsapp.app; sourceTree = BUILT_PRODUCTS_DIR; };
		213125C51F5152500070257A /* AppDelegate.swift */ = {isa = PBXFileReference; lastKnownFileType = sourcecode.swift; path = AppDelegate.swift; sourceTree = "<group>"; };
		213125CA1F5152500070257A /* Base */ = {isa = PBXFileReference; lastKnownFileType = file.storyboard; name = Base; path = Base.lproj/Main.storyboard; sourceTree = "<group>"; };
		213125CC1F5152500070257A /* Assets.xcassets */ = {isa = PBXFileReference; lastKnownFileType = folder.assetcatalog; path = Assets.xcassets; sourceTree = "<group>"; };
		213125CF1F5152500070257A /* Base */ = {isa = PBXFileReference; lastKnownFileType = file.storyboard; name = Base; path = Base.lproj/LaunchScreen.storyboard; sourceTree = "<group>"; };
		213125D11F5152500070257A /* Info.plist */ = {isa = PBXFileReference; lastKnownFileType = text.plist.xml; path = Info.plist; sourceTree = "<group>"; };
		213125DA1F5152A80070257A /* Routable.swift */ = {isa = PBXFileReference; fileEncoding = 4; lastKnownFileType = sourcecode.swift; path = Routable.swift; sourceTree = "<group>"; };
		213125DC1F515FEE0070257A /* UIStoryboard+Extensions.swift */ = {isa = PBXFileReference; fileEncoding = 4; lastKnownFileType = sourcecode.swift; path = "UIStoryboard+Extensions.swift"; sourceTree = "<group>"; };
		213125DE1F51604B0070257A /* UIViewController+Routable.swift */ = {isa = PBXFileReference; fileEncoding = 4; lastKnownFileType = sourcecode.swift; path = "UIViewController+Routable.swift"; sourceTree = "<group>"; };
		213125E01F5160D90070257A /* HomeViewController.swift */ = {isa = PBXFileReference; fileEncoding = 4; lastKnownFileType = sourcecode.swift; path = HomeViewController.swift; sourceTree = "<group>"; };
		213125E21F5160E50070257A /* ShopViewController.swift */ = {isa = PBXFileReference; fileEncoding = 4; lastKnownFileType = sourcecode.swift; path = ShopViewController.swift; sourceTree = "<group>"; };
		213125E41F5160FE0070257A /* CartViewController.swift */ = {isa = PBXFileReference; fileEncoding = 4; lastKnownFileType = sourcecode.swift; path = CartViewController.swift; sourceTree = "<group>"; };
		213125E61F51610D0070257A /* LoginViewController.swift */ = {isa = PBXFileReference; fileEncoding = 4; lastKnownFileType = sourcecode.swift; path = LoginViewController.swift; sourceTree = "<group>"; };
		213125E81F5161E30070257A /* Shop.storyboard */ = {isa = PBXFileReference; fileEncoding = 4; lastKnownFileType = file.storyboard; path = Shop.storyboard; sourceTree = "<group>"; };
		213125EF1F5172670070257A /* HomeViewControllerRouter.swift */ = {isa = PBXFileReference; fileEncoding = 4; lastKnownFileType = sourcecode.swift; path = HomeViewControllerRouter.swift; sourceTree = "<group>"; };
		213125F11F5173520070257A /* Login.storyboard */ = {isa = PBXFileReference; fileEncoding = 4; lastKnownFileType = file.storyboard; path = Login.storyboard; sourceTree = "<group>"; };
		213125F31F5174430070257A /* LoginViewControllerRouter.swift */ = {isa = PBXFileReference; fileEncoding = 4; lastKnownFileType = sourcecode.swift; path = LoginViewControllerRouter.swift; sourceTree = "<group>"; };
		213125F51F5175080070257A /* ShopViewControllerRouter.swift */ = {isa = PBXFileReference; fileEncoding = 4; lastKnownFileType = sourcecode.swift; path = ShopViewControllerRouter.swift; sourceTree = "<group>"; };
		213125F71F51759C0070257A /* CartViewControllerRouter.swift */ = {isa = PBXFileReference; fileEncoding = 4; lastKnownFileType = sourcecode.swift; path = CartViewControllerRouter.swift; sourceTree = "<group>"; };
		213125FB1F5181950070257A /* PaymentViewController.swift */ = {isa = PBXFileReference; fileEncoding = 4; lastKnownFileType = sourcecode.swift; path = PaymentViewController.swift; sourceTree = "<group>"; };
		213125FD1F5181BA0070257A /* PaymentViewControllerRouter.swift */ = {isa = PBXFileReference; fileEncoding = 4; lastKnownFileType = sourcecode.swift; path = PaymentViewControllerRouter.swift; sourceTree = "<group>"; };
/* End PBXFileReference section */

/* Begin PBXFrameworksBuildPhase section */
		213125BF1F5152500070257A /* Frameworks */ = {
			isa = PBXFrameworksBuildPhase;
			buildActionMask = 2147483647;
			files = (
			);
			runOnlyForDeploymentPostprocessing = 0;
		};
/* End PBXFrameworksBuildPhase section */

/* Begin PBXGroup section */
		213125B91F5152500070257A = {
			isa = PBXGroup;
			children = (
				213125C41F5152500070257A /* petsapp */,
				213125C31F5152500070257A /* Products */,
			);
			sourceTree = "<group>";
		};
		213125C31F5152500070257A /* Products */ = {
			isa = PBXGroup;
			children = (
				213125C21F5152500070257A /* petsapp.app */,
			);
			name = Products;
			sourceTree = "<group>";
		};
		213125C41F5152500070257A /* petsapp */ = {
			isa = PBXGroup;
			children = (
				213125F91F517D390070257A /* Utils */,
				213125EA1F5170C30070257A /* Scenes */,
				213125D91F5152810070257A /* Storyboars */,
				213125D81F51526F0070257A /* Assets */,
				213125D71F5152590070257A /* Supporting files */,
			);
			path = petsapp;
			sourceTree = "<group>";
		};
		213125D71F5152590070257A /* Supporting files */ = {
			isa = PBXGroup;
			children = (
				213125D11F5152500070257A /* Info.plist */,
				213125C51F5152500070257A /* AppDelegate.swift */,
			);
			name = "Supporting files";
			sourceTree = "<group>";
		};
		213125D81F51526F0070257A /* Assets */ = {
			isa = PBXGroup;
			children = (
				213125CC1F5152500070257A /* Assets.xcassets */,
			);
			name = Assets;
			sourceTree = "<group>";
		};
		213125D91F5152810070257A /* Storyboars */ = {
			isa = PBXGroup;
			children = (
				213125C91F5152500070257A /* Main.storyboard */,
				213125CE1F5152500070257A /* LaunchScreen.storyboard */,
				213125E81F5161E30070257A /* Shop.storyboard */,
				213125F11F5173520070257A /* Login.storyboard */,
			);
			name = Storyboars;
			sourceTree = "<group>";
		};
		213125EA1F5170C30070257A /* Scenes */ = {
			isa = PBXGroup;
			children = (
				213125FA1F5181840070257A /* Payment */,
				213125EE1F5170F50070257A /* Login */,
				213125ED1F5170E50070257A /* Cart */,
				213125EC1F5170DC0070257A /* Shop */,
				213125EB1F5170CF0070257A /* Home */,
			);
			name = Scenes;
			sourceTree = "<group>";
		};
		213125EB1F5170CF0070257A /* Home */ = {
			isa = PBXGroup;
			children = (
				213125E01F5160D90070257A /* HomeViewController.swift */,
				213125EF1F5172670070257A /* HomeViewControllerRouter.swift */,
			);
			name = Home;
			sourceTree = "<group>";
		};
		213125EC1F5170DC0070257A /* Shop */ = {
			isa = PBXGroup;
			children = (
				213125E21F5160E50070257A /* ShopViewController.swift */,
				213125F51F5175080070257A /* ShopViewControllerRouter.swift */,
			);
			name = Shop;
			sourceTree = "<group>";
		};
		213125ED1F5170E50070257A /* Cart */ = {
			isa = PBXGroup;
			children = (
				213125E41F5160FE0070257A /* CartViewController.swift */,
				213125F71F51759C0070257A /* CartViewControllerRouter.swift */,
			);
			name = Cart;
			sourceTree = "<group>";
		};
		213125EE1F5170F50070257A /* Login */ = {
			isa = PBXGroup;
			children = (
				213125E61F51610D0070257A /* LoginViewController.swift */,
				213125F31F5174430070257A /* LoginViewControllerRouter.swift */,
			);
			name = Login;
			sourceTree = "<group>";
		};
		213125F91F517D390070257A /* Utils */ = {
			isa = PBXGroup;
			children = (
				213125DA1F5152A80070257A /* Routable.swift */,
				213125DC1F515FEE0070257A /* UIStoryboard+Extensions.swift */,
				213125DE1F51604B0070257A /* UIViewController+Routable.swift */,
			);
			name = Utils;
			sourceTree = "<group>";
		};
		213125FA1F5181840070257A /* Payment */ = {
			isa = PBXGroup;
			children = (
				213125FB1F5181950070257A /* PaymentViewController.swift */,
				213125FD1F5181BA0070257A /* PaymentViewControllerRouter.swift */,
			);
			name = Payment;
			sourceTree = "<group>";
		};
/* End PBXGroup section */

/* Begin PBXNativeTarget section */
		213125C11F5152500070257A /* petsapp */ = {
			isa = PBXNativeTarget;
			buildConfigurationList = 213125D41F5152500070257A /* Build configuration list for PBXNativeTarget "petsapp" */;
			buildPhases = (
				213125BE1F5152500070257A /* Sources */,
				213125BF1F5152500070257A /* Frameworks */,
				213125C01F5152500070257A /* Resources */,
			);
			buildRules = (
			);
			dependencies = (
			);
			name = petsapp;
			productName = petsapp;
			productReference = 213125C21F5152500070257A /* petsapp.app */;
			productType = "com.apple.product-type.application";
		};
/* End PBXNativeTarget section */

/* Begin PBXProject section */
		213125BA1F5152500070257A /* Project object */ = {
			isa = PBXProject;
			attributes = {
				LastSwiftUpdateCheck = 0830;
				LastUpgradeCheck = 0830;
				ORGANIZATIONNAME = "volkan biçer";
				TargetAttributes = {
					213125C11F5152500070257A = {
						CreatedOnToolsVersion = 8.3.2;
						ProvisioningStyle = Automatic;
					};
				};
			};
			buildConfigurationList = 213125BD1F5152500070257A /* Build configuration list for PBXProject "petsapp" */;
			compatibilityVersion = "Xcode 3.2";
			developmentRegion = English;
			hasScannedForEncodings = 0;
			knownRegions = (
				en,
				Base,
			);
			mainGroup = 213125B91F5152500070257A;
			productRefGroup = 213125C31F5152500070257A /* Products */;
			projectDirPath = "";
			projectRoot = "";
			targets = (
				213125C11F5152500070257A /* petsapp */,
			);
		};
/* End PBXProject section */

/* Begin PBXResourcesBuildPhase section */
		213125C01F5152500070257A /* Resources */ = {
			isa = PBXResourcesBuildPhase;
			buildActionMask = 2147483647;
			files = (
				213125E91F5161E30070257A /* Shop.storyboard in Resources */,
				213125D01F5152500070257A /* LaunchScreen.storyboard in Resources */,
				213125CD1F5152500070257A /* Assets.xcassets in Resources */,
				213125F21F5173520070257A /* Login.storyboard in Resources */,
				213125CB1F5152500070257A /* Main.storyboard in Resources */,
			);
			runOnlyForDeploymentPostprocessing = 0;
		};
/* End PBXResourcesBuildPhase section */

/* Begin PBXSourcesBuildPhase section */
		213125BE1F5152500070257A /* Sources */ = {
			isa = PBXSourcesBuildPhase;
			buildActionMask = 2147483647;
			files = (
				213125E71F51610D0070257A /* LoginViewController.swift in Sources */,
				213125FC1F5181950070257A /* PaymentViewController.swift in Sources */,
				213125DB1F5152A80070257A /* Routable.swift in Sources */,
				213125DD1F515FEE0070257A /* UIStoryboard+Extensions.swift in Sources */,
				213125FE1F5181BA0070257A /* PaymentViewControllerRouter.swift in Sources */,
				213125F81F51759C0070257A /* CartViewControllerRouter.swift in Sources */,
				213125C61F5152500070257A /* AppDelegate.swift in Sources */,
				213125E51F5160FE0070257A /* CartViewController.swift in Sources */,
				213125DF1F51604B0070257A /* UIViewController+Routable.swift in Sources */,
				213125E31F5160E50070257A /* ShopViewController.swift in Sources */,
				213125F41F5174430070257A /* LoginViewControllerRouter.swift in Sources */,
				213125E11F5160D90070257A /* HomeViewController.swift in Sources */,
				213125F01F5172670070257A /* HomeViewControllerRouter.swift in Sources */,
				213125F61F5175080070257A /* ShopViewControllerRouter.swift in Sources */,
			);
			runOnlyForDeploymentPostprocessing = 0;
		};
/* End PBXSourcesBuildPhase section */

/* Begin PBXVariantGroup section */
		213125C91F5152500070257A /* Main.storyboard */ = {
			isa = PBXVariantGroup;
			children = (
				213125CA1F5152500070257A /* Base */,
			);
			name = Main.storyboard;
			sourceTree = "<group>";
		};
		213125CE1F5152500070257A /* LaunchScreen.storyboard */ = {
			isa = PBXVariantGroup;
			children = (
				213125CF1F5152500070257A /* Base */,
			);
			name = LaunchScreen.storyboard;
			sourceTree = "<group>";
		};
/* End PBXVariantGroup section */

/* Begin XCBuildConfiguration section */
		213125D21F5152500070257A /* Debug */ = {
			isa = XCBuildConfiguration;
			buildSettings = {
				ALWAYS_SEARCH_USER_PATHS = NO;
				CLANG_ANALYZER_NONNULL = YES;
				CLANG_ANALYZER_NUMBER_OBJECT_CONVERSION = YES_AGGRESSIVE;
				CLANG_CXX_LANGUAGE_STANDARD = "gnu++0x";
				CLANG_CXX_LIBRARY = "libc++";
				CLANG_ENABLE_MODULES = YES;
				CLANG_ENABLE_OBJC_ARC = YES;
				CLANG_WARN_BOOL_CONVERSION = YES;
				CLANG_WARN_CONSTANT_CONVERSION = YES;
				CLANG_WARN_DIRECT_OBJC_ISA_USAGE = YES_ERROR;
				CLANG_WARN_DOCUMENTATION_COMMENTS = YES;
				CLANG_WARN_EMPTY_BODY = YES;
				CLANG_WARN_ENUM_CONVERSION = YES;
				CLANG_WARN_INFINITE_RECURSION = YES;
				CLANG_WARN_INT_CONVERSION = YES;
				CLANG_WARN_OBJC_ROOT_CLASS = YES_ERROR;
				CLANG_WARN_SUSPICIOUS_MOVE = YES;
				CLANG_WARN_UNREACHABLE_CODE = YES;
				CLANG_WARN__DUPLICATE_METHOD_MATCH = YES;
				"CODE_SIGN_IDENTITY[sdk=iphoneos*]" = "iPhone Developer";
				COPY_PHASE_STRIP = NO;
				DEBUG_INFORMATION_FORMAT = dwarf;
				ENABLE_STRICT_OBJC_MSGSEND = YES;
				ENABLE_TESTABILITY = YES;
				GCC_C_LANGUAGE_STANDARD = gnu99;
				GCC_DYNAMIC_NO_PIC = NO;
				GCC_NO_COMMON_BLOCKS = YES;
				GCC_OPTIMIZATION_LEVEL = 0;
				GCC_PREPROCESSOR_DEFINITIONS = (
					"DEBUG=1",
					"$(inherited)",
				);
				GCC_WARN_64_TO_32_BIT_CONVERSION = YES;
				GCC_WARN_ABOUT_RETURN_TYPE = YES_ERROR;
				GCC_WARN_UNDECLARED_SELECTOR = YES;
				GCC_WARN_UNINITIALIZED_AUTOS = YES_AGGRESSIVE;
				GCC_WARN_UNUSED_FUNCTION = YES;
				GCC_WARN_UNUSED_VARIABLE = YES;
				IPHONEOS_DEPLOYMENT_TARGET = 10.3;
				MTL_ENABLE_DEBUG_INFO = YES;
				ONLY_ACTIVE_ARCH = YES;
				SDKROOT = iphoneos;
				SWIFT_ACTIVE_COMPILATION_CONDITIONS = DEBUG;
				SWIFT_OPTIMIZATION_LEVEL = "-Onone";
				TARGETED_DEVICE_FAMILY = "1,2";
			};
			name = Debug;
		};
		213125D31F5152500070257A /* Release */ = {
			isa = XCBuildConfiguration;
			buildSettings = {
				ALWAYS_SEARCH_USER_PATHS = NO;
				CLANG_ANALYZER_NONNULL = YES;
				CLANG_ANALYZER_NUMBER_OBJECT_CONVERSION = YES_AGGRESSIVE;
				CLANG_CXX_LANGUAGE_STANDARD = "gnu++0x";
				CLANG_CXX_LIBRARY = "libc++";
				CLANG_ENABLE_MODULES = YES;
				CLANG_ENABLE_OBJC_ARC = YES;
				CLANG_WARN_BOOL_CONVERSION = YES;
				CLANG_WARN_CONSTANT_CONVERSION = YES;
				CLANG_WARN_DIRECT_OBJC_ISA_USAGE = YES_ERROR;
				CLANG_WARN_DOCUMENTATION_COMMENTS = YES;
				CLANG_WARN_EMPTY_BODY = YES;
				CLANG_WARN_ENUM_CONVERSION = YES;
				CLANG_WARN_INFINITE_RECURSION = YES;
				CLANG_WARN_INT_CONVERSION = YES;
				CLANG_WARN_OBJC_ROOT_CLASS = YES_ERROR;
				CLANG_WARN_SUSPICIOUS_MOVE = YES;
				CLANG_WARN_UNREACHABLE_CODE = YES;
				CLANG_WARN__DUPLICATE_METHOD_MATCH = YES;
				"CODE_SIGN_IDENTITY[sdk=iphoneos*]" = "iPhone Developer";
				COPY_PHASE_STRIP = NO;
				DEBUG_INFORMATION_FORMAT = "dwarf-with-dsym";
				ENABLE_NS_ASSERTIONS = NO;
				ENABLE_STRICT_OBJC_MSGSEND = YES;
				GCC_C_LANGUAGE_STANDARD = gnu99;
				GCC_NO_COMMON_BLOCKS = YES;
				GCC_WARN_64_TO_32_BIT_CONVERSION = YES;
				GCC_WARN_ABOUT_RETURN_TYPE = YES_ERROR;
				GCC_WARN_UNDECLARED_SELECTOR = YES;
				GCC_WARN_UNINITIALIZED_AUTOS = YES_AGGRESSIVE;
				GCC_WARN_UNUSED_FUNCTION = YES;
				GCC_WARN_UNUSED_VARIABLE = YES;
				IPHONEOS_DEPLOYMENT_TARGET = 10.3;
				MTL_ENABLE_DEBUG_INFO = NO;
				SDKROOT = iphoneos;
				SWIFT_OPTIMIZATION_LEVEL = "-Owholemodule";
				TARGETED_DEVICE_FAMILY = "1,2";
				VALIDATE_PRODUCT = YES;
			};
			name = Release;
		};
		213125D51F5152500070257A /* Debug */ = {
			isa = XCBuildConfiguration;
			buildSettings = {
				ASSETCATALOG_COMPILER_APPICON_NAME = AppIcon;
				INFOPLIST_FILE = petsapp/Info.plist;
				LD_RUNPATH_SEARCH_PATHS = "$(inherited) @executable_path/Frameworks";
				PRODUCT_BUNDLE_IDENTIFIER = com.bicer.test.petsapp;
				PRODUCT_NAME = "$(TARGET_NAME)";
				SWIFT_VERSION = 3.0;
			};
			name = Debug;
		};
		213125D61F5152500070257A /* Release */ = {
			isa = XCBuildConfiguration;
			buildSettings = {
				ASSETCATALOG_COMPILER_APPICON_NAME = AppIcon;
				INFOPLIST_FILE = petsapp/Info.plist;
				LD_RUNPATH_SEARCH_PATHS = "$(inherited) @executable_path/Frameworks";
				PRODUCT_BUNDLE_IDENTIFIER = com.bicer.test.petsapp;
				PRODUCT_NAME = "$(TARGET_NAME)";
				SWIFT_VERSION = 3.0;
			};
			name = Release;
		};
/* End XCBuildConfiguration section */

/* Begin XCConfigurationList section */
		213125BD1F5152500070257A /* Build configuration list for PBXProject "petsapp" */ = {
			isa = XCConfigurationList;
			buildConfigurations = (
				213125D21F5152500070257A /* Debug */,
				213125D31F5152500070257A /* Release */,
			);
			defaultConfigurationIsVisible = 0;
			defaultConfigurationName = Release;
		};
		213125D41F5152500070257A /* Build configuration list for PBXNativeTarget "petsapp" */ = {
			isa = XCConfigurationList;
			buildConfigurations = (
				213125D51F5152500070257A /* Debug */,
				213125D61F5152500070257A /* Release */,
			);
			defaultConfigurationIsVisible = 0;
		};
/* End XCConfigurationList section */
	};
	rootObject = 213125BA1F5152500070257A /* Project object */;
}
